
Microsoft Visual Studio Solution File, Format Version 12.00
# Visual Studio 2013
VisualStudioVersion = 12.0.21005.1
MinimumVisualStudioVersion = 10.0.40219.1
Project("{FAE04EC0-301F-11D3-BF4B-00C04F79EFBC}") = "LOLAccount", "LOLAccount\LOLAccount.csproj", "{85E1483C-FF0C-4A6A-9A83-E2B05C2CCF10}"
EndProject
Global
	GlobalSection(SolutionConfigurationPlatforms) = preSolution
		Debug|Any CPU = Debug|Any CPU
		Release|Any CPU = Release|Any CPU
	EndGlobalSection
	GlobalSection(ProjectConfigurationPlatforms) = postSolution
		{85E1483C-FF0C-4A6A-9A83-E2B05C2CCF10}.Debug|Any CPU.ActiveCfg = Debug|Any CPU
		{85E1483C-FF0C-4A6A-9A83-E2B05C2CCF10}.Debug|Any CPU.Build.0 = Debug|Any CPU
		{85E1483C-FF0C-4A6A-9A83-E2B05C2CCF10}.Release|Any CPU.ActiveCfg = Release|Any CPU
		{85E1483C-FF0C-4A6A-9A83-E2B05C2CCF10}.Release|Any CPU.Build.0 = Release|Any CPU
	EndGlobalSection
	GlobalSection(SolutionProperties) = preSolution
		HideSolutionNode = FALSE
	EndGlobalSection
EndGlobal
